
Microsoft Visual Studio Solution File, Format Version 12.00
# Visual Studio Version 17
VisualStudioVersion = 17.6.33815.320
MinimumVisualStudioVersion = 10.0.40219.1
Project("{FAE04EC0-301F-11D3-BF4B-00C04F79EFBC}") = "RAKTDAN", "RAKTDAN\RAKTDAN.csproj", "{FAB2E1CB-91B9-44E5-93B5-1B75BFC71BF3}"
EndProject
Global
	GlobalSection(SolutionConfigurationPlatforms) = preSolution
		Debug|Any CPU = Debug|Any CPU
		Release|Any CPU = Release|Any CPU
	EndGlobalSection
	GlobalSection(ProjectConfigurationPlatforms) = postSolution
		{FAB2E1CB-91B9-44E5-93B5-1B75BFC71BF3}.Debug|Any CPU.ActiveCfg = Debug|Any CPU
		{FAB2E1CB-91B9-44E5-93B5-1B75BFC71BF3}.Debug|Any CPU.Build.0 = Debug|Any CPU
		{FAB2E1CB-91B9-44E5-93B5-1B75BFC71BF3}.Release|Any CPU.ActiveCfg = Release|Any CPU
		{FAB2E1CB-91B9-44E5-93B5-1B75BFC71BF3}.Release|Any CPU.Build.0 = Release|Any CPU
	EndGlobalSection
	GlobalSection(SolutionProperties) = preSolution
		HideSolutionNode = FALSE
	EndGlobalSection
	GlobalSection(ExtensibilityGlobals) = postSolution
		SolutionGuid = {343FBCA3-5B1B-4F50-A66F-1945A1D88B52}
	EndGlobalSection
EndGlobal
